
Microsoft Visual Studio Solution File, Format Version 12.00
# Visual Studio 14
VisualStudioVersion = 14.0.25420.1
MinimumVisualStudioVersion = 10.0.40219.1
Project("{FAE04EC0-301F-11D3-BF4B-00C04F79EFBC}") = "ProductShop", "ProductShop\ProductShop.csproj", "{9317A7DA-DA04-446C-9DCB-DFB20898E63F}"
EndProject
Project("{2150E333-8FDC-42A3-9474-1A3956D46DE8}") = "Domain", "Domain", "{D9E7447D-879E-4EFE-A4AA-ABA4ECC0EC06}"
EndProject
Project("{2150E333-8FDC-42A3-9474-1A3956D46DE8}") = "Entities", "Entities", "{1B297FEB-3D9D-4E01-81F3-3827334241E7}"
EndProject
Project("{FAE04EC0-301F-11D3-BF4B-00C04F79EFBC}") = "EntitieServices", "EntitieServices\EntitieServices.csproj", "{00F32153-44FF-4D5D-B3A0-607024151CC0}"
EndProject
Project("{2150E333-8FDC-42A3-9474-1A3956D46DE8}") = "Infrastructure", "Infrastructure", "{BF2E4311-A857-4C17-A0FA-B8BEFC4EFDC4}"
EndProject
Project("{FAE04EC0-301F-11D3-BF4B-00C04F79EFBC}") = "Repository", "Repository\Repository.csproj", "{94C20643-477B-4E25-93FD-D09FE2354DC9}"
EndProject
Project("{FAE04EC0-301F-11D3-BF4B-00C04F79EFBC}") = "ShopWebAPI", "ShopWebAPI\ShopWebAPI.csproj", "{0980A779-15A2-40C2-9F47-07A89650ECE8}"
EndProject
Global
	GlobalSection(SolutionConfigurationPlatforms) = preSolution
		Debug|Any CPU = Debug|Any CPU
		Release|Any CPU = Release|Any CPU
	EndGlobalSection
	GlobalSection(ProjectConfigurationPlatforms) = postSolution
		{9317A7DA-DA04-446C-9DCB-DFB20898E63F}.Debug|Any CPU.ActiveCfg = Debug|Any CPU
		{9317A7DA-DA04-446C-9DCB-DFB20898E63F}.Debug|Any CPU.Build.0 = Debug|Any CPU
		{9317A7DA-DA04-446C-9DCB-DFB20898E63F}.Release|Any CPU.ActiveCfg = Release|Any CPU
		{9317A7DA-DA04-446C-9DCB-DFB20898E63F}.Release|Any CPU.Build.0 = Release|Any CPU
		{00F32153-44FF-4D5D-B3A0-607024151CC0}.Debug|Any CPU.ActiveCfg = Debug|Any CPU
		{00F32153-44FF-4D5D-B3A0-607024151CC0}.Debug|Any CPU.Build.0 = Debug|Any CPU
		{00F32153-44FF-4D5D-B3A0-607024151CC0}.Release|Any CPU.ActiveCfg = Release|Any CPU
		{00F32153-44FF-4D5D-B3A0-607024151CC0}.Release|Any CPU.Build.0 = Release|Any CPU
		{94C20643-477B-4E25-93FD-D09FE2354DC9}.Debug|Any CPU.ActiveCfg = Debug|Any CPU
		{94C20643-477B-4E25-93FD-D09FE2354DC9}.Debug|Any CPU.Build.0 = Debug|Any CPU
		{94C20643-477B-4E25-93FD-D09FE2354DC9}.Release|Any CPU.ActiveCfg = Release|Any CPU
		{94C20643-477B-4E25-93FD-D09FE2354DC9}.Release|Any CPU.Build.0 = Release|Any CPU
		{0980A779-15A2-40C2-9F47-07A89650ECE8}.Debug|Any CPU.ActiveCfg = Debug|Any CPU
		{0980A779-15A2-40C2-9F47-07A89650ECE8}.Debug|Any CPU.Build.0 = Debug|Any CPU
		{0980A779-15A2-40C2-9F47-07A89650ECE8}.Release|Any CPU.ActiveCfg = Release|Any CPU
		{0980A779-15A2-40C2-9F47-07A89650ECE8}.Release|Any CPU.Build.0 = Release|Any CPU
	EndGlobalSection
	GlobalSection(SolutionProperties) = preSolution
		HideSolutionNode = FALSE
	EndGlobalSection
	GlobalSection(NestedProjects) = preSolution
		{1B297FEB-3D9D-4E01-81F3-3827334241E7} = {D9E7447D-879E-4EFE-A4AA-ABA4ECC0EC06}
		{00F32153-44FF-4D5D-B3A0-607024151CC0} = {1B297FEB-3D9D-4E01-81F3-3827334241E7}
		{94C20643-477B-4E25-93FD-D09FE2354DC9} = {BF2E4311-A857-4C17-A0FA-B8BEFC4EFDC4}
	EndGlobalSection
EndGlobal
